
Microsoft Visual Studio Solution File, Format Version 12.00
# Visual Studio Version 16
VisualStudioVersion = 16.0.30523.141
MinimumVisualStudioVersion = 10.0.40219.1
Project("{FAE04EC0-301F-11D3-BF4B-00C04F79EFBC}") = "OT.WFormularios", "OrdenesDeTrabajo.WF\OT.WFormularios.csproj", "{32E8F413-EC8B-401D-8E9F-F3F2AAA5D327}"
EndProject
Project("{FAE04EC0-301F-11D3-BF4B-00C04F79EFBC}") = "OT.Clases", "OrdenesDeTrabajo.Class\OT.Clases.csproj", "{9E8A2334-42C8-4A42-99FD-63ECCD94AB80}"
EndProject
Project("{FAE04EC0-301F-11D3-BF4B-00C04F79EFBC}") = "OT.Conexion", "OT.Conex\OT.Conexion.csproj", "{FA9084A0-09E4-4408-8FB7-0B603BF2116D}"
EndProject
Global
	GlobalSection(SolutionConfigurationPlatforms) = preSolution
		Debug|Any CPU = Debug|Any CPU
		Release|Any CPU = Release|Any CPU
	EndGlobalSection
	GlobalSection(ProjectConfigurationPlatforms) = postSolution
		{32E8F413-EC8B-401D-8E9F-F3F2AAA5D327}.Debug|Any CPU.ActiveCfg = Debug|Any CPU
		{32E8F413-EC8B-401D-8E9F-F3F2AAA5D327}.Debug|Any CPU.Build.0 = Debug|Any CPU
		{32E8F413-EC8B-401D-8E9F-F3F2AAA5D327}.Release|Any CPU.ActiveCfg = Release|Any CPU
		{32E8F413-EC8B-401D-8E9F-F3F2AAA5D327}.Release|Any CPU.Build.0 = Release|Any CPU
		{9E8A2334-42C8-4A42-99FD-63ECCD94AB80}.Debug|Any CPU.ActiveCfg = Debug|Any CPU
		{9E8A2334-42C8-4A42-99FD-63ECCD94AB80}.Debug|Any CPU.Build.0 = Debug|Any CPU
		{9E8A2334-42C8-4A42-99FD-63ECCD94AB80}.Release|Any CPU.ActiveCfg = Release|Any CPU
		{9E8A2334-42C8-4A42-99FD-63ECCD94AB80}.Release|Any CPU.Build.0 = Release|Any CPU
		{FA9084A0-09E4-4408-8FB7-0B603BF2116D}.Debug|Any CPU.ActiveCfg = Debug|Any CPU
		{FA9084A0-09E4-4408-8FB7-0B603BF2116D}.Debug|Any CPU.Build.0 = Debug|Any CPU
		{FA9084A0-09E4-4408-8FB7-0B603BF2116D}.Release|Any CPU.ActiveCfg = Release|Any CPU
		{FA9084A0-09E4-4408-8FB7-0B603BF2116D}.Release|Any CPU.Build.0 = Release|Any CPU
	EndGlobalSection
	GlobalSection(SolutionProperties) = preSolution
		HideSolutionNode = FALSE
	EndGlobalSection
	GlobalSection(ExtensibilityGlobals) = postSolution
		SolutionGuid = {0B3C21FD-47C7-4C46-8B99-9FA8F5303313}
	EndGlobalSection
EndGlobal
